
Microsoft Visual Studio Solution File, Format Version 12.00
# Visual Studio 14
VisualStudioVersion = 14.0.25420.1
MinimumVisualStudioVersion = 10.0.40219.1
Project("{2150E333-8FDC-42A3-9474-1A3956D46DE8}") = "src", "src", "{D5917804-C7E4-47C9-A042-5844F880B0D1}"
EndProject
Project("{2150E333-8FDC-42A3-9474-1A3956D46DE8}") = "Solution Items", "Solution Items", "{7ECC1D66-F46A-4E50-BF76-E8FE1FE60F4F}"
	ProjectSection(SolutionItems) = preProject
		global.json = global.json
	EndProjectSection
EndProject
Project("{8BB2217D-0F2D-49D1-97BC-3654ED321F3B}") = "DesignPatterns", "src\DesignPatterns\DesignPatterns.xproj", "{4CCF30EB-5BA1-4DD5-AEEE-971DEB0852A3}"
EndProject
Global
	GlobalSection(SolutionConfigurationPlatforms) = preSolution
		Debug|Any CPU = Debug|Any CPU
		Release|Any CPU = Release|Any CPU
	EndGlobalSection
	GlobalSection(ProjectConfigurationPlatforms) = postSolution
		{4CCF30EB-5BA1-4DD5-AEEE-971DEB0852A3}.Debug|Any CPU.ActiveCfg = Debug|Any CPU
		{4CCF30EB-5BA1-4DD5-AEEE-971DEB0852A3}.Debug|Any CPU.Build.0 = Debug|Any CPU
		{4CCF30EB-5BA1-4DD5-AEEE-971DEB0852A3}.Release|Any CPU.ActiveCfg = Release|Any CPU
		{4CCF30EB-5BA1-4DD5-AEEE-971DEB0852A3}.Release|Any CPU.Build.0 = Release|Any CPU
	EndGlobalSection
	GlobalSection(SolutionProperties) = preSolution
		HideSolutionNode = FALSE
	EndGlobalSection
	GlobalSection(NestedProjects) = preSolution
		{4CCF30EB-5BA1-4DD5-AEEE-971DEB0852A3} = {D5917804-C7E4-47C9-A042-5844F880B0D1}
	EndGlobalSection
EndGlobal
